
Microsoft Visual Studio Solution File, Format Version 12.00
# Visual Studio 15
VisualStudioVersion = 15.0.26730.15
MinimumVisualStudioVersion = 10.0.40219.1
Project("{FAE04EC0-301F-11D3-BF4B-00C04F79EFBC}") = "WorkingStoreProcedureDemo", "WorkingStoreProcedureDemo\WorkingStoreProcedureDemo\WorkingStoreProcedureDemo.csproj", "{C9CECDDD-C5C0-47FC-8EF0-28F4EDC07F7A}"
EndProject
Project("{FAE04EC0-301F-11D3-BF4B-00C04F79EFBC}") = "WorkingStoreProcedureDemo.Droid", "WorkingStoreProcedureDemo\WorkingStoreProcedureDemo.Droid\WorkingStoreProcedureDemo.Droid.csproj", "{1F4FF97C-0318-48E1-8D9D-64121CD3DC64}"
EndProject
Project("{FAE04EC0-301F-11D3-BF4B-00C04F79EFBC}") = "WorkingStoreProcedureDemo.iOS", "WorkingStoreProcedureDemo\WorkingStoreProcedureDemo.iOS\WorkingStoreProcedureDemo.iOS.csproj", "{8278508C-CAA2-4930-AD68-2E66A75E71CA}"
EndProject
Global
	GlobalSection(SolutionConfigurationPlatforms) = preSolution
		Ad-Hoc|Any CPU = Ad-Hoc|Any CPU
		Ad-Hoc|iPhone = Ad-Hoc|iPhone
		Ad-Hoc|iPhoneSimulator = Ad-Hoc|iPhoneSimulator
		AppStore|Any CPU = AppStore|Any CPU
		AppStore|iPhone = AppStore|iPhone
		AppStore|iPhoneSimulator = AppStore|iPhoneSimulator
		Debug|Any CPU = Debug|Any CPU
		Debug|iPhone = Debug|iPhone
		Debug|iPhoneSimulator = Debug|iPhoneSimulator
		Release|Any CPU = Release|Any CPU
		Release|iPhone = Release|iPhone
		Release|iPhoneSimulator = Release|iPhoneSimulator
	EndGlobalSection
	GlobalSection(ProjectConfigurationPlatforms) = postSolution
		{C9CECDDD-C5C0-47FC-8EF0-28F4EDC07F7A}.Ad-Hoc|Any CPU.ActiveCfg = Release|Any CPU
		{C9CECDDD-C5C0-47FC-8EF0-28F4EDC07F7A}.Ad-Hoc|Any CPU.Build.0 = Release|Any CPU
		{C9CECDDD-C5C0-47FC-8EF0-28F4EDC07F7A}.Ad-Hoc|iPhone.ActiveCfg = Release|Any CPU
		{C9CECDDD-C5C0-47FC-8EF0-28F4EDC07F7A}.Ad-Hoc|iPhone.Build.0 = Release|Any CPU
		{C9CECDDD-C5C0-47FC-8EF0-28F4EDC07F7A}.Ad-Hoc|iPhoneSimulator.ActiveCfg = Release|Any CPU
		{C9CECDDD-C5C0-47FC-8EF0-28F4EDC07F7A}.Ad-Hoc|iPhoneSimulator.Build.0 = Release|Any CPU
		{C9CECDDD-C5C0-47FC-8EF0-28F4EDC07F7A}.AppStore|Any CPU.ActiveCfg = Release|Any CPU
		{C9CECDDD-C5C0-47FC-8EF0-28F4EDC07F7A}.AppStore|Any CPU.Build.0 = Release|Any CPU
		{C9CECDDD-C5C0-47FC-8EF0-28F4EDC07F7A}.AppStore|iPhone.ActiveCfg = Release|Any CPU
		{C9CECDDD-C5C0-47FC-8EF0-28F4EDC07F7A}.AppStore|iPhone.Build.0 = Release|Any CPU
		{C9CECDDD-C5C0-47FC-8EF0-28F4EDC07F7A}.AppStore|iPhoneSimulator.ActiveCfg = Release|Any CPU
		{C9CECDDD-C5C0-47FC-8EF0-28F4EDC07F7A}.AppStore|iPhoneSimulator.Build.0 = Release|Any CPU
		{C9CECDDD-C5C0-47FC-8EF0-28F4EDC07F7A}.Debug|Any CPU.ActiveCfg = Debug|Any CPU
		{C9CECDDD-C5C0-47FC-8EF0-28F4EDC07F7A}.Debug|Any CPU.Build.0 = Debug|Any CPU
		{C9CECDDD-C5C0-47FC-8EF0-28F4EDC07F7A}.Debug|iPhone.ActiveCfg = Debug|Any CPU
		{C9CECDDD-C5C0-47FC-8EF0-28F4EDC07F7A}.Debug|iPhone.Build.0 = Debug|Any CPU
		{C9CECDDD-C5C0-47FC-8EF0-28F4EDC07F7A}.Debug|iPhoneSimulator.ActiveCfg = Debug|Any CPU
		{C9CECDDD-C5C0-47FC-8EF0-28F4EDC07F7A}.Debug|iPhoneSimulator.Build.0 = Debug|Any CPU
		{C9CECDDD-C5C0-47FC-8EF0-28F4EDC07F7A}.Release|Any CPU.ActiveCfg = Release|Any CPU
		{C9CECDDD-C5C0-47FC-8EF0-28F4EDC07F7A}.Release|Any CPU.Build.0 = Release|Any CPU
		{C9CECDDD-C5C0-47FC-8EF0-28F4EDC07F7A}.Release|iPhone.ActiveCfg = Release|Any CPU
		{C9CECDDD-C5C0-47FC-8EF0-28F4EDC07F7A}.Release|iPhone.Build.0 = Release|Any CPU
		{C9CECDDD-C5C0-47FC-8EF0-28F4EDC07F7A}.Release|iPhoneSimulator.ActiveCfg = Release|Any CPU
		{C9CECDDD-C5C0-47FC-8EF0-28F4EDC07F7A}.Release|iPhoneSimulator.Build.0 = Release|Any CPU
		{1F4FF97C-0318-48E1-8D9D-64121CD3DC64}.Ad-Hoc|Any CPU.ActiveCfg = Release|Any CPU
		{1F4FF97C-0318-48E1-8D9D-64121CD3DC64}.Ad-Hoc|Any CPU.Build.0 = Release|Any CPU
		{1F4FF97C-0318-48E1-8D9D-64121CD3DC64}.Ad-Hoc|Any CPU.Deploy.0 = Release|Any CPU
		{1F4FF97C-0318-48E1-8D9D-64121CD3DC64}.Ad-Hoc|iPhone.ActiveCfg = Release|Any CPU
		{1F4FF97C-0318-48E1-8D9D-64121CD3DC64}.Ad-Hoc|iPhone.Build.0 = Release|Any CPU
		{1F4FF97C-0318-48E1-8D9D-64121CD3DC64}.Ad-Hoc|iPhone.Deploy.0 = Release|Any CPU
		{1F4FF97C-0318-48E1-8D9D-64121CD3DC64}.Ad-Hoc|iPhoneSimulator.ActiveCfg = Release|Any CPU
		{1F4FF97C-0318-48E1-8D9D-64121CD3DC64}.Ad-Hoc|iPhoneSimulator.Build.0 = Release|Any CPU
		{1F4FF97C-0318-48E1-8D9D-64121CD3DC64}.Ad-Hoc|iPhoneSimulator.Deploy.0 = Release|Any CPU
		{1F4FF97C-0318-48E1-8D9D-64121CD3DC64}.AppStore|Any CPU.ActiveCfg = Release|Any CPU
		{1F4FF97C-0318-48E1-8D9D-64121CD3DC64}.AppStore|Any CPU.Build.0 = Release|Any CPU
		{1F4FF97C-0318-48E1-8D9D-64121CD3DC64}.AppStore|Any CPU.Deploy.0 = Release|Any CPU
		{1F4FF97C-0318-48E1-8D9D-64121CD3DC64}.AppStore|iPhone.ActiveCfg = Release|Any CPU
		{1F4FF97C-0318-48E1-8D9D-64121CD3DC64}.AppStore|iPhone.Build.0 = Release|Any CPU
		{1F4FF97C-0318-48E1-8D9D-64121CD3DC64}.AppStore|iPhone.Deploy.0 = Release|Any CPU
		{1F4FF97C-0318-48E1-8D9D-64121CD3DC64}.AppStore|iPhoneSimulator.ActiveCfg = Release|Any CPU
		{1F4FF97C-0318-48E1-8D9D-64121CD3DC64}.AppStore|iPhoneSimulator.Build.0 = Release|Any CPU
		{1F4FF97C-0318-48E1-8D9D-64121CD3DC64}.AppStore|iPhoneSimulator.Deploy.0 = Release|Any CPU
		{1F4FF97C-0318-48E1-8D9D-64121CD3DC64}.Debug|Any CPU.ActiveCfg = Debug|Any CPU
		{1F4FF97C-0318-48E1-8D9D-64121CD3DC64}.Debug|Any CPU.Build.0 = Debug|Any CPU
		{1F4FF97C-0318-48E1-8D9D-64121CD3DC64}.Debug|Any CPU.Deploy.0 = Debug|Any CPU
		{1F4FF97C-0318-48E1-8D9D-64121CD3DC64}.Debug|iPhone.ActiveCfg = Debug|Any CPU
		{1F4FF97C-0318-48E1-8D9D-64121CD3DC64}.Debug|iPhone.Build.0 = Debug|Any CPU
		{1F4FF97C-0318-48E1-8D9D-64121CD3DC64}.Debug|iPhone.Deploy.0 = Debug|Any CPU
		{1F4FF97C-0318-48E1-8D9D-64121CD3DC64}.Debug|iPhoneSimulator.ActiveCfg = Debug|Any CPU
		{1F4FF97C-0318-48E1-8D9D-64121CD3DC64}.Debug|iPhoneSimulator.Build.0 = Debug|Any CPU
		{1F4FF97C-0318-48E1-8D9D-64121CD3DC64}.Debug|iPhoneSimulator.Deploy.0 = Debug|Any CPU
		{1F4FF97C-0318-48E1-8D9D-64121CD3DC64}.Release|Any CPU.ActiveCfg = Release|Any CPU
		{1F4FF97C-0318-48E1-8D9D-64121CD3DC64}.Release|Any CPU.Build.0 = Release|Any CPU
		{1F4FF97C-0318-48E1-8D9D-64121CD3DC64}.Release|Any CPU.Deploy.0 = Release|Any CPU
		{1F4FF97C-0318-48E1-8D9D-64121CD3DC64}.Release|iPhone.ActiveCfg = Release|Any CPU
		{1F4FF97C-0318-48E1-8D9D-64121CD3DC64}.Release|iPhone.Build.0 = Release|Any CPU
		{1F4FF97C-0318-48E1-8D9D-64121CD3DC64}.Release|iPhone.Deploy.0 = Release|Any CPU
		{1F4FF97C-0318-48E1-8D9D-64121CD3DC64}.Release|iPhoneSimulator.ActiveCfg = Release|Any CPU
		{1F4FF97C-0318-48E1-8D9D-64121CD3DC64}.Release|iPhoneSimulator.Build.0 = Release|Any CPU
		{1F4FF97C-0318-48E1-8D9D-64121CD3DC64}.Release|iPhoneSimulator.Deploy.0 = Release|Any CPU
		{8278508C-CAA2-4930-AD68-2E66A75E71CA}.Ad-Hoc|Any CPU.ActiveCfg = Ad-Hoc|iPhone
		{8278508C-CAA2-4930-AD68-2E66A75E71CA}.Ad-Hoc|iPhone.ActiveCfg = Ad-Hoc|iPhone
		{8278508C-CAA2-4930-AD68-2E66A75E71CA}.Ad-Hoc|iPhone.Build.0 = Ad-Hoc|iPhone
		{8278508C-CAA2-4930-AD68-2E66A75E71CA}.Ad-Hoc|iPhoneSimulator.ActiveCfg = Ad-Hoc|iPhoneSimulator
		{8278508C-CAA2-4930-AD68-2E66A75E71CA}.Ad-Hoc|iPhoneSimulator.Build.0 = Ad-Hoc|iPhoneSimulator
		{8278508C-CAA2-4930-AD68-2E66A75E71CA}.AppStore|Any CPU.ActiveCfg = AppStore|iPhone
		{8278508C-CAA2-4930-AD68-2E66A75E71CA}.AppStore|iPhone.ActiveCfg = AppStore|iPhone
		{8278508C-CAA2-4930-AD68-2E66A75E71CA}.AppStore|iPhone.Build.0 = AppStore|iPhone
		{8278508C-CAA2-4930-AD68-2E66A75E71CA}.AppStore|iPhoneSimulator.ActiveCfg = AppStore|iPhoneSimulator
		{8278508C-CAA2-4930-AD68-2E66A75E71CA}.AppStore|iPhoneSimulator.Build.0 = AppStore|iPhoneSimulator
		{8278508C-CAA2-4930-AD68-2E66A75E71CA}.Debug|Any CPU.ActiveCfg = Debug|iPhone
		{8278508C-CAA2-4930-AD68-2E66A75E71CA}.Debug|iPhone.ActiveCfg = Debug|iPhone
		{8278508C-CAA2-4930-AD68-2E66A75E71CA}.Debug|iPhone.Build.0 = Debug|iPhone
		{8278508C-CAA2-4930-AD68-2E66A75E71CA}.Debug|iPhoneSimulator.ActiveCfg = Debug|iPhoneSimulator
		{8278508C-CAA2-4930-AD68-2E66A75E71CA}.Debug|iPhoneSimulator.Build.0 = Debug|iPhoneSimulator
		{8278508C-CAA2-4930-AD68-2E66A75E71CA}.Release|Any CPU.ActiveCfg = Release|iPhone
		{8278508C-CAA2-4930-AD68-2E66A75E71CA}.Release|iPhone.ActiveCfg = Release|iPhone
		{8278508C-CAA2-4930-AD68-2E66A75E71CA}.Release|iPhone.Build.0 = Release|iPhone
		{8278508C-CAA2-4930-AD68-2E66A75E71CA}.Release|iPhoneSimulator.ActiveCfg = Release|iPhoneSimulator
		{8278508C-CAA2-4930-AD68-2E66A75E71CA}.Release|iPhoneSimulator.Build.0 = Release|iPhoneSimulator
	EndGlobalSection
	GlobalSection(SolutionProperties) = preSolution
		HideSolutionNode = FALSE
	EndGlobalSection
	GlobalSection(ExtensibilityGlobals) = postSolution
		SolutionGuid = {17ADBAD3-AECB-4CA4-9216-1DE1EDCE16E9}
	EndGlobalSection
EndGlobal
